
Microsoft Visual Studio Solution File, Format Version 12.00
# Visual Studio Version 16
VisualStudioVersion = 16.0.31729.503
MinimumVisualStudioVersion = 10.0.40219.1
Project("{FAE04EC0-301F-11D3-BF4B-00C04F79EFBC}") = "GuessingNumbers", "GuessingNumbers\GuessingNumbers.csproj", "{60101B06-DF8E-46C7-940A-805FDE48D475}"
EndProject
Global
	GlobalSection(SolutionConfigurationPlatforms) = preSolution
		Debug|Any CPU = Debug|Any CPU
		Release|Any CPU = Release|Any CPU
	EndGlobalSection
	GlobalSection(ProjectConfigurationPlatforms) = postSolution
		{60101B06-DF8E-46C7-940A-805FDE48D475}.Debug|Any CPU.ActiveCfg = Debug|Any CPU
		{60101B06-DF8E-46C7-940A-805FDE48D475}.Debug|Any CPU.Build.0 = Debug|Any CPU
		{60101B06-DF8E-46C7-940A-805FDE48D475}.Release|Any CPU.ActiveCfg = Release|Any CPU
		{60101B06-DF8E-46C7-940A-805FDE48D475}.Release|Any CPU.Build.0 = Release|Any CPU
	EndGlobalSection
	GlobalSection(SolutionProperties) = preSolution
		HideSolutionNode = FALSE
	EndGlobalSection
	GlobalSection(ExtensibilityGlobals) = postSolution
		SolutionGuid = {0F16C469-DA82-40C8-910C-1AC2F0767D88}
	EndGlobalSection
EndGlobal
